
Microsoft Visual Studio Solution File, Format Version 12.00
# Visual Studio Version 16
VisualStudioVersion = 16.0.29728.190
MinimumVisualStudioVersion = 10.0.40219.1
Project("{9A19103F-16F7-4668-BE54-9A1E7A4F7556}") = "PMS.Marchuk", "PMS.Marchuk\PMS.Marchuk.csproj", "{B7ABCBDE-3B39-496C-A843-BEA6A34F7922}"
EndProject
Project("{FAE04EC0-301F-11D3-BF4B-00C04F79EFBC}") = "PMS.API", "PMS.API\PMS.API.csproj", "{785489A3-BF14-4B52-A61D-157633A999BE}"
EndProject
Global
	GlobalSection(SolutionConfigurationPlatforms) = preSolution
		Debug|Any CPU = Debug|Any CPU
		Release|Any CPU = Release|Any CPU
	EndGlobalSection
	GlobalSection(ProjectConfigurationPlatforms) = postSolution
		{B7ABCBDE-3B39-496C-A843-BEA6A34F7922}.Debug|Any CPU.ActiveCfg = Debug|Any CPU
		{B7ABCBDE-3B39-496C-A843-BEA6A34F7922}.Debug|Any CPU.Build.0 = Debug|Any CPU
		{B7ABCBDE-3B39-496C-A843-BEA6A34F7922}.Release|Any CPU.ActiveCfg = Release|Any CPU
		{B7ABCBDE-3B39-496C-A843-BEA6A34F7922}.Release|Any CPU.Build.0 = Release|Any CPU
		{FD00842C-6D9F-4973-836C-3484D3254F8E}.Debug|Any CPU.ActiveCfg = Debug|Any CPU
		{FD00842C-6D9F-4973-836C-3484D3254F8E}.Debug|Any CPU.Build.0 = Debug|Any CPU
		{FD00842C-6D9F-4973-836C-3484D3254F8E}.Release|Any CPU.ActiveCfg = Release|Any CPU
		{FD00842C-6D9F-4973-836C-3484D3254F8E}.Release|Any CPU.Build.0 = Release|Any CPU
		{785489A3-BF14-4B52-A61D-157633A999BE}.Debug|Any CPU.ActiveCfg = Debug|Any CPU
		{785489A3-BF14-4B52-A61D-157633A999BE}.Debug|Any CPU.Build.0 = Debug|Any CPU
		{785489A3-BF14-4B52-A61D-157633A999BE}.Release|Any CPU.ActiveCfg = Release|Any CPU
		{785489A3-BF14-4B52-A61D-157633A999BE}.Release|Any CPU.Build.0 = Release|Any CPU
	EndGlobalSection
	GlobalSection(SolutionProperties) = preSolution
		HideSolutionNode = FALSE
	EndGlobalSection
	GlobalSection(ExtensibilityGlobals) = postSolution
		SolutionGuid = {EF6E8DB3-D637-47A8-BF2F-FF54C4121959}
	EndGlobalSection
EndGlobal
